
Microsoft Visual Studio Solution File, Format Version 12.00
# Visual Studio Version 16
VisualStudioVersion = 16.0.32901.82
MinimumVisualStudioVersion = 10.0.40219.1
Project("{FAE04EC0-301F-11D3-BF4B-00C04F79EFBC}") = "SendEmailsWithDotNet5", "SendEmailsWithDotNet5\SendEmailsWithDotNet5.csproj", "{FC4029F1-3989-41EA-9576-13B38D4F1A31}"
EndProject
Global
	GlobalSection(SolutionConfigurationPlatforms) = preSolution
		Debug|Any CPU = Debug|Any CPU
		Release|Any CPU = Release|Any CPU
	EndGlobalSection
	GlobalSection(ProjectConfigurationPlatforms) = postSolution
		{FC4029F1-3989-41EA-9576-13B38D4F1A31}.Debug|Any CPU.ActiveCfg = Debug|Any CPU
		{FC4029F1-3989-41EA-9576-13B38D4F1A31}.Debug|Any CPU.Build.0 = Debug|Any CPU
		{FC4029F1-3989-41EA-9576-13B38D4F1A31}.Release|Any CPU.ActiveCfg = Release|Any CPU
		{FC4029F1-3989-41EA-9576-13B38D4F1A31}.Release|Any CPU.Build.0 = Release|Any CPU
	EndGlobalSection
	GlobalSection(SolutionProperties) = preSolution
		HideSolutionNode = FALSE
	EndGlobalSection
	GlobalSection(ExtensibilityGlobals) = postSolution
		SolutionGuid = {D897E66D-9EC1-402D-8EB5-DA9DDC9EBEF1}
	EndGlobalSection
EndGlobal
